
Microsoft Visual Studio Solution File, Format Version 12.00
# Visual Studio Version 17
VisualStudioVersion = 17.0.31612.314
MinimumVisualStudioVersion = 10.0.40219.1
Project("{2150E333-8FDC-42A3-9474-1A3956D46DE8}") = "Api", "Api", "{D3779840-039A-11EC-97FE-09190092AE51}"
EndProject
Project("{2150E333-8FDC-42A3-9474-1A3956D46DE8}") = "Application", "Application", "{E7AB1A80-039A-11EC-97FE-09190092AE51}"
EndProject
Project("{2150E333-8FDC-42A3-9474-1A3956D46DE8}") = "Domain", "Domain", "{EAD2E760-039A-11EC-97FE-09190092AE51}"
EndProject
Project("{2150E333-8FDC-42A3-9474-1A3956D46DE8}") = "Infrastructure", "Infrastructure", "{EF449960-039A-11EC-97FE-09190092AE51}"
EndProject
Project("{2150E333-8FDC-42A3-9474-1A3956D46DE8}") = "Shared", "Shared", "{F2125F60-039A-11EC-97FE-09190092AE51}"
EndProject
Project("{9A19103F-16F7-4668-BE54-9A1E7A4F7556}") = "XPTO.Shared.Extensions", "src\XPTO.Shared.Extensions\XPTO.Shared.Extensions.csproj", "{7F97FA36-CEC5-4639-9030-A2421A1921E0}"
EndProject
Project("{9A19103F-16F7-4668-BE54-9A1E7A4F7556}") = "XPTO.API", "src\XPTO.API\XPTO.API.csproj", "{C9ECDDEB-8249-4805-AF9D-37068E5342B9}"
EndProject
Project("{FAE04EC0-301F-11D3-BF4B-00C04F79EFBC}") = "XPTO.Infra", "src\XPTO.Infra\XPTO.Infra.csproj", "{0E3E864D-2836-4067-A474-CF680A95BC69}"
EndProject
Project("{FAE04EC0-301F-11D3-BF4B-00C04F79EFBC}") = "XPTO.Domain", "src\XPTO.Domain\XPTO.Domain.csproj", "{0E4DBE5E-F857-4BF3-83B0-847687AD34BB}"
EndProject
Global
	GlobalSection(SolutionConfigurationPlatforms) = preSolution
		Debug|Any CPU = Debug|Any CPU
		Debug|x64 = Debug|x64
		Debug|x86 = Debug|x86
		Release|Any CPU = Release|Any CPU
		Release|x64 = Release|x64
		Release|x86 = Release|x86
	EndGlobalSection
	GlobalSection(ProjectConfigurationPlatforms) = postSolution
		{7F97FA36-CEC5-4639-9030-A2421A1921E0}.Debug|Any CPU.ActiveCfg = Debug|Any CPU
		{7F97FA36-CEC5-4639-9030-A2421A1921E0}.Debug|Any CPU.Build.0 = Debug|Any CPU
		{7F97FA36-CEC5-4639-9030-A2421A1921E0}.Debug|x64.ActiveCfg = Debug|Any CPU
		{7F97FA36-CEC5-4639-9030-A2421A1921E0}.Debug|x64.Build.0 = Debug|Any CPU
		{7F97FA36-CEC5-4639-9030-A2421A1921E0}.Debug|x86.ActiveCfg = Debug|Any CPU
		{7F97FA36-CEC5-4639-9030-A2421A1921E0}.Debug|x86.Build.0 = Debug|Any CPU
		{7F97FA36-CEC5-4639-9030-A2421A1921E0}.Release|Any CPU.ActiveCfg = Release|Any CPU
		{7F97FA36-CEC5-4639-9030-A2421A1921E0}.Release|Any CPU.Build.0 = Release|Any CPU
		{7F97FA36-CEC5-4639-9030-A2421A1921E0}.Release|x64.ActiveCfg = Release|Any CPU
		{7F97FA36-CEC5-4639-9030-A2421A1921E0}.Release|x64.Build.0 = Release|Any CPU
		{7F97FA36-CEC5-4639-9030-A2421A1921E0}.Release|x86.ActiveCfg = Release|Any CPU
		{7F97FA36-CEC5-4639-9030-A2421A1921E0}.Release|x86.Build.0 = Release|Any CPU
		{C9ECDDEB-8249-4805-AF9D-37068E5342B9}.Debug|Any CPU.ActiveCfg = Debug|Any CPU
		{C9ECDDEB-8249-4805-AF9D-37068E5342B9}.Debug|Any CPU.Build.0 = Debug|Any CPU
		{C9ECDDEB-8249-4805-AF9D-37068E5342B9}.Debug|x64.ActiveCfg = Debug|Any CPU
		{C9ECDDEB-8249-4805-AF9D-37068E5342B9}.Debug|x64.Build.0 = Debug|Any CPU
		{C9ECDDEB-8249-4805-AF9D-37068E5342B9}.Debug|x86.ActiveCfg = Debug|Any CPU
		{C9ECDDEB-8249-4805-AF9D-37068E5342B9}.Debug|x86.Build.0 = Debug|Any CPU
		{C9ECDDEB-8249-4805-AF9D-37068E5342B9}.Release|Any CPU.ActiveCfg = Release|Any CPU
		{C9ECDDEB-8249-4805-AF9D-37068E5342B9}.Release|Any CPU.Build.0 = Release|Any CPU
		{C9ECDDEB-8249-4805-AF9D-37068E5342B9}.Release|x64.ActiveCfg = Release|Any CPU
		{C9ECDDEB-8249-4805-AF9D-37068E5342B9}.Release|x64.Build.0 = Release|Any CPU
		{C9ECDDEB-8249-4805-AF9D-37068E5342B9}.Release|x86.ActiveCfg = Release|Any CPU
		{C9ECDDEB-8249-4805-AF9D-37068E5342B9}.Release|x86.Build.0 = Release|Any CPU
		{0E3E864D-2836-4067-A474-CF680A95BC69}.Debug|Any CPU.ActiveCfg = Debug|Any CPU
		{0E3E864D-2836-4067-A474-CF680A95BC69}.Debug|Any CPU.Build.0 = Debug|Any CPU
		{0E3E864D-2836-4067-A474-CF680A95BC69}.Debug|x64.ActiveCfg = Debug|Any CPU
		{0E3E864D-2836-4067-A474-CF680A95BC69}.Debug|x64.Build.0 = Debug|Any CPU
		{0E3E864D-2836-4067-A474-CF680A95BC69}.Debug|x86.ActiveCfg = Debug|Any CPU
		{0E3E864D-2836-4067-A474-CF680A95BC69}.Debug|x86.Build.0 = Debug|Any CPU
		{0E3E864D-2836-4067-A474-CF680A95BC69}.Release|Any CPU.ActiveCfg = Release|Any CPU
		{0E3E864D-2836-4067-A474-CF680A95BC69}.Release|Any CPU.Build.0 = Release|Any CPU
		{0E3E864D-2836-4067-A474-CF680A95BC69}.Release|x64.ActiveCfg = Release|Any CPU
		{0E3E864D-2836-4067-A474-CF680A95BC69}.Release|x64.Build.0 = Release|Any CPU
		{0E3E864D-2836-4067-A474-CF680A95BC69}.Release|x86.ActiveCfg = Release|Any CPU
		{0E3E864D-2836-4067-A474-CF680A95BC69}.Release|x86.Build.0 = Release|Any CPU
		{0E4DBE5E-F857-4BF3-83B0-847687AD34BB}.Debug|Any CPU.ActiveCfg = Debug|Any CPU
		{0E4DBE5E-F857-4BF3-83B0-847687AD34BB}.Debug|Any CPU.Build.0 = Debug|Any CPU
		{0E4DBE5E-F857-4BF3-83B0-847687AD34BB}.Debug|x64.ActiveCfg = Debug|Any CPU
		{0E4DBE5E-F857-4BF3-83B0-847687AD34BB}.Debug|x64.Build.0 = Debug|Any CPU
		{0E4DBE5E-F857-4BF3-83B0-847687AD34BB}.Debug|x86.ActiveCfg = Debug|Any CPU
		{0E4DBE5E-F857-4BF3-83B0-847687AD34BB}.Debug|x86.Build.0 = Debug|Any CPU
		{0E4DBE5E-F857-4BF3-83B0-847687AD34BB}.Release|Any CPU.ActiveCfg = Release|Any CPU
		{0E4DBE5E-F857-4BF3-83B0-847687AD34BB}.Release|Any CPU.Build.0 = Release|Any CPU
		{0E4DBE5E-F857-4BF3-83B0-847687AD34BB}.Release|x64.ActiveCfg = Release|Any CPU
		{0E4DBE5E-F857-4BF3-83B0-847687AD34BB}.Release|x64.Build.0 = Release|Any CPU
		{0E4DBE5E-F857-4BF3-83B0-847687AD34BB}.Release|x86.ActiveCfg = Release|Any CPU
		{0E4DBE5E-F857-4BF3-83B0-847687AD34BB}.Release|x86.Build.0 = Release|Any CPU
	EndGlobalSection
	GlobalSection(SolutionProperties) = preSolution
		HideSolutionNode = FALSE
	EndGlobalSection
	GlobalSection(NestedProjects) = preSolution
		{7F97FA36-CEC5-4639-9030-A2421A1921E0} = {F2125F60-039A-11EC-97FE-09190092AE51}
		{C9ECDDEB-8249-4805-AF9D-37068E5342B9} = {D3779840-039A-11EC-97FE-09190092AE51}
		{0E3E864D-2836-4067-A474-CF680A95BC69} = {EF449960-039A-11EC-97FE-09190092AE51}
		{0E4DBE5E-F857-4BF3-83B0-847687AD34BB} = {EAD2E760-039A-11EC-97FE-09190092AE51}
	EndGlobalSection
	GlobalSection(ExtensibilityGlobals) = postSolution
		SolutionGuid = {23262523-156C-4EC7-BCF6-CBADE2B8D16D}
	EndGlobalSection
EndGlobal
